hash: 81864b8b95915df43b6cbd90658f6d80054c64e17b84846644a9d7d1acf5ec18
updated: 2017-02-19T15:14:21.940426546+09:00
imports:
- name: github.com/ikawaha/kagome
  version: c84ace3f3d49e4e20d3f9726a3f7a483aaa1ff5b
  subpackages:
  - internal/da
  - internal/dic
  - internal/dic/data
  - internal/lattice
  - tokenizer
- name: github.com/labstack/echo
  version: 8d504c1b699c757b267255c53b3e5219f9974abc
- name: github.com/labstack/gommon
  version: 2d272df536d051e737aea353b86c979d6e88bce0
  subpackages:
  - color
  - log
- name: github.com/mattn/go-colorable
  version: d228849504861217f796da67fae4f6e347643f15
- name: github.com/mattn/go-isatty
  version: 30a891c33c7cde7b02a981314b4228ec99380cca
- name: github.com/mattn/go-sqlite3
  version: 2acfafad5870400156f6fceb12852c281cbba4d5
- name: github.com/tylerb/graceful
  version: d37e108c89765a8e307f15b8fb2ecd10575da6bb
- name: github.com/valyala/fasttemplate
  version: 3b874956e03f1636d171bda64b130f9135f42cff
- name: golang.org/x/crypto
  version: c3b1d0d6d8690eaebe3064711b026770cc37efa3
  subpackages:
  - acme
  - acme/autocert
- name: golang.org/x/net
  version: da2b4fa28524a3baf148c1b94df4440267063c88
  subpackages:
  - context
  - context/ctxhttp
- name: golang.org/x/sys
  version: d75a52659825e75fff6158388dddc6a5b04f9ba5
  subpackages:
  - unix
testImports: []
