hash: 5b3fe0af78fb5b3d20f8f9600128e5f53068514c4d65f30af771708e70264f88
updated: 2017-02-13T19:17:28.927719567+09:00
imports:
- name: github.com/ikawaha/kagome
  version: c84ace3f3d49e4e20d3f9726a3f7a483aaa1ff5b
  subpackages:
  - internal/da
  - internal/dic
  - internal/dic/data
  - internal/lattice
  - tokenizer
- name: github.com/labstack/echo
  version: 8d504c1b699c757b267255c53b3e5219f9974abc
- name: github.com/labstack/gommon
  version: 2d272df536d051e737aea353b86c979d6e88bce0
  subpackages:
  - color
  - log
- name: github.com/mattn/go-colorable
  version: 5411d3eea5978e6cdc258b30de592b60df6aba96
- name: github.com/mattn/go-isatty
  version: 281032e84ae07510239465db46bf442aa44b953a
- name: github.com/sys-cat/Kinsokujiko
  version: a977bc6812bc0dad544331f06f46f63e6b855232
- name: github.com/tylerb/graceful
  version: 4654dfbb6ad53cb5e27f37d99b02e16c1872fbbb
- name: github.com/valyala/bytebufferpool
  version: e746df99fe4a3986f4d4f79e13c1e0117ce9c2f7
- name: github.com/valyala/fasttemplate
  version: d090d65668a286d9a180d43a19dfdc5dcad8fe88
- name: golang.org/x/crypto
  version: 453249f01cfeb54c3d549ddb75ff152ca243f9d8
  subpackages:
  - acme
  - acme/autocert
- name: golang.org/x/net
  version: 1dd0d85fc0634d2dbe7f7d06d176c2ff548e6332
  subpackages:
  - context
  - context/ctxhttp
- name: golang.org/x/sys
  version: aaabbdc969c3935a2a7f61efac801e7163c73a2a
  subpackages:
  - unix
testImports: []
